{
  "name": "@testx/reporters-jasmine",
  "version": "2.0.0",
  "lockfileVersion": 1,
  "requires": true,
  "dependencies": {
    "colors": {
      "version": "1.1.2",
      "resolved": "https://registry.npmjs.org/colors/-/colors-1.1.2.tgz",
      "integrity": "sha1-FopHAXVran9RoSzgyXv6KMCE7WM="
    },
    "hat": {
      "version": "0.0.3",
      "resolved": "https://registry.npmjs.org/hat/-/hat-0.0.3.tgz",
      "integrity": "sha1-uwFKnmSzeIrtgAWRdBPU/z1QLYo="
    },
    "jasmine-reporters": {
      "version": "2.3.2",
      "resolved": "https://registry.npmjs.org/jasmine-reporters/-/jasmine-reporters-2.3.2.tgz",
      "integrity": "sha512-u/7AT9SkuZsUfFBLLzbErohTGNsEUCKaQbsVYnLFW1gEuL2DzmBL4n8v90uZsqIqlWvWUgian8J6yOt5Fyk/+A==",
      "requires": {
        "mkdirp": "^0.5.1",
        "xmldom": "^0.1.22"
      }
    },
    "jasmine-spec-reporter": {
      "version": "4.2.1",
      "resolved": "https://registry.npmjs.org/jasmine-spec-reporter/-/jasmine-spec-reporter-4.2.1.tgz",
      "integrity": "sha512-FZBoZu7VE5nR7Nilzy+Np8KuVIOxF4oXDPDknehCYBDE080EnlPu0afdZNmpGDBRCUBv3mj5qgqCRmk6W/K8vg==",
      "requires": {
        "colors": "1.1.2"
      }
    },
    "lodash": {
      "version": "4.17.15",
      "resolved": "https://registry.npmjs.org/lodash/-/lodash-4.17.15.tgz",
      "integrity": "sha512-8xOcRHvCjnocdS5cpwXQXVzmmh5e5+saE2QGoeQmbKmRS6J3VQppPOIt0MnmE+4xlZoumy0GPG0D0MVIQbNA1A=="
    },
    "minimist": {
      "version": "0.0.8",
      "resolved": "https://registry.npmjs.org/minimist/-/minimist-0.0.8.tgz",
      "integrity": "sha1-hX/Kv8M5fSYluCKCYuhqp6ARsF0="
    },
    "mkdirp": {
      "version": "0.5.1",
      "resolved": "https://registry.npmjs.org/mkdirp/-/mkdirp-0.5.1.tgz",
      "integrity": "sha1-MAV0OOrGz3+MR2fzhkjWaX11yQM=",
      "requires": {
        "minimist": "0.0.8"
      }
    },
    "string.prototype.startswith": {
      "version": "0.2.0",
      "resolved": "https://registry.npmjs.org/string.prototype.startswith/-/string.prototype.startswith-0.2.0.tgz",
      "integrity": "sha1-2miYLjU6TprEpDtFCiBF0cRFrns="
    },
    "testx-html-reporter": {
      "version": "0.1.1",
      "resolved": "https://registry.npmjs.org/testx-html-reporter/-/testx-html-reporter-0.1.1.tgz",
      "integrity": "sha512-5sPm4XSPO1xxy/9DVEjWeU7ORxb5x9spRSpQTaoiXEWshNG5x1qAKndyPR4Hb7a7esfBV07ZtkeGBoAhmatKWw==",
      "requires": {
        "hat": "0.0.3",
        "lodash": "^4.17.15",
        "mkdirp": "^0.5.1",
        "string.prototype.startswith": "^0.2.0"
      }
    },
    "xmldom": {
      "version": "0.1.31",
      "resolved": "https://registry.npmjs.org/xmldom/-/xmldom-0.1.31.tgz",
      "integrity": "sha512-yS2uJflVQs6n+CyjHoaBmVSqIDevTAWrzMmjG1Gc7h1qQ7uVozNhEPJAwZXWyGQ/Gafo3fCwrcaokezLPupVyQ=="
    }
  }
}
