{
  "name": "@testx/reporters-jasmine",
  "version": "2.0.0",
  "lockfileVersion": 1,
  "requires": true,
  "dependencies": {
    "colors": {
      "version": "1.1.2",
      "resolved": "https://registry.npmjs.org/colors/-/colors-1.1.2.tgz",
      "integrity": "sha1-FopHAXVran9RoSzgyXv6KMCE7WM="
    },
    "hat": {
      "version": "0.0.3",
      "resolved": "https://registry.npmjs.org/hat/-/hat-0.0.3.tgz",
      "integrity": "sha1-uwFKnmSzeIrtgAWRdBPU/z1QLYo="
    },
    "jasmine-reporters": {
      "version": "2.0.7",
      "resolved": "https://registry.npmjs.org/jasmine-reporters/-/jasmine-reporters-2.0.7.tgz",
      "integrity": "sha1-M5X5AwLcIeyrIFi3gpf68HRPTvc=",
      "requires": {
        "mkdirp": "0.3.5"
      }
    },
    "jasmine-spec-reporter": {
      "version": "2.4.0",
      "resolved": "https://registry.npmjs.org/jasmine-spec-reporter/-/jasmine-spec-reporter-2.4.0.tgz",
      "integrity": "sha1-lGXBrROEDPWN+ABj8KJTR3IoSD8=",
      "requires": {
        "colors": "1.1.2"
      }
    },
    "lodash": {
      "version": "3.10.1",
      "resolved": "https://registry.npmjs.org/lodash/-/lodash-3.10.1.tgz",
      "integrity": "sha1-W/Rejkm6QYnhfUgnid/RW9FAt7Y="
    },
    "minimist": {
      "version": "0.0.8",
      "resolved": "https://registry.npmjs.org/minimist/-/minimist-0.0.8.tgz",
      "integrity": "sha1-hX/Kv8M5fSYluCKCYuhqp6ARsF0="
    },
    "mkdirp": {
      "version": "0.3.5",
      "resolved": "https://registry.npmjs.org/mkdirp/-/mkdirp-0.3.5.tgz",
      "integrity": "sha1-3j5fiWHIjHh+4TaN+EmsRBPsqNc="
    },
    "string.prototype.startswith": {
      "version": "0.2.0",
      "resolved": "https://registry.npmjs.org/string.prototype.startswith/-/string.prototype.startswith-0.2.0.tgz",
      "integrity": "sha1-2miYLjU6TprEpDtFCiBF0cRFrns="
    },
    "testx-html-reporter": {
      "version": "0.1.0",
      "resolved": "https://registry.npmjs.org/testx-html-reporter/-/testx-html-reporter-0.1.0.tgz",
      "integrity": "sha1-YX/zeFRdajnvEgG2oGDj0E0uoiQ=",
      "requires": {
        "hat": "0.0.3",
        "lodash": "3.10.1",
        "mkdirp": "0.5.1",
        "string.prototype.startswith": "0.2.0"
      },
      "dependencies": {
        "mkdirp": {
          "version": "0.5.1",
          "resolved": "https://registry.npmjs.org/mkdirp/-/mkdirp-0.5.1.tgz",
          "integrity": "sha1-MAV0OOrGz3+MR2fzhkjWaX11yQM=",
          "requires": {
            "minimist": "0.0.8"
          }
        }
      }
    }
  }
}
